
Microsoft Visual Studio Solution File, Format Version 12.00
# Visual Studio 15
Project("{FAE04EC0-301F-11D3-BF4B-00C04F79EFBC}") = "Assembly-CSharp", "Assembly-CSharp.csproj", "{ABB90152-9CC2-473B-1F69-2D2DC3B3E431}"
EndProject
Global
	GlobalSection(SolutionConfigurationPlatforms) = preSolution
		Debug|Any CPU = Debug|Any CPU
		Release|Any CPU = Release|Any CPU
	EndGlobalSection
	GlobalSection(ProjectConfigurationPlatforms) = postSolution
		{ABB90152-9CC2-473B-1F69-2D2DC3B3E431}.Debug|Any CPU.ActiveCfg = Debug|Any CPU
		{ABB90152-9CC2-473B-1F69-2D2DC3B3E431}.Debug|Any CPU.Build.0 = Debug|Any CPU
		{ABB90152-9CC2-473B-1F69-2D2DC3B3E431}.Release|Any CPU.ActiveCfg = Release|Any CPU
		{ABB90152-9CC2-473B-1F69-2D2DC3B3E431}.Release|Any CPU.Build.0 = Release|Any CPU
	EndGlobalSection
	GlobalSection(SolutionProperties) = preSolution
		HideSolutionNode = FALSE
	EndGlobalSection
EndGlobal
